PODS:
  - Flutter (1.0.0)
  - torus_direct (0.0.1):
    - Flutter

DEPENDENCIES:
  - Flutter (from `Flutter`)
  - torus_direct (from `.symlinks/plugins/torus_direct/ios`)

EXTERNAL SOURCES:
  Flutter:
    :path: Flutter
  torus_direct:
    :path: ".symlinks/plugins/torus_direct/ios"

SPEC CHECKSUMS:
  Flutter: 434fef37c0980e73bb6479ef766c45957d4b510c
  torus_direct: 158ac24b2cbb1203eabb886c99cebd531ed97f1d

PODFILE CHECKSUM: aafe91acc616949ddb318b77800a7f51bffa2a4c

COCOAPODS: 1.10.1
